
Microsoft Visual Studio Solution File, Format Version 12.00
# Visual Studio Version 17
VisualStudioVersion = 17.5.002.0
MinimumVisualStudioVersion = 10.0.40219.1
Project("{9A19103F-16F7-4668-BE54-9A1E7A4F7556}") = "019_number-list", "019_number-list.csproj", "{017243CD-36B3-464D-9D5F-B0B98BFDEBE8}"
EndProject
Global
	GlobalSection(SolutionConfigurationPlatforms) = preSolution
		Debug|Any CPU = Debug|Any CPU
		Release|Any CPU = Release|Any CPU
	EndGlobalSection
	GlobalSection(ProjectConfigurationPlatforms) = postSolution
		{017243CD-36B3-464D-9D5F-B0B98BFDEBE8}.Debug|Any CPU.ActiveCfg = Debug|Any CPU
		{017243CD-36B3-464D-9D5F-B0B98BFDEBE8}.Debug|Any CPU.Build.0 = Debug|Any CPU
		{017243CD-36B3-464D-9D5F-B0B98BFDEBE8}.Release|Any CPU.ActiveCfg = Release|Any CPU
		{017243CD-36B3-464D-9D5F-B0B98BFDEBE8}.Release|Any CPU.Build.0 = Release|Any CPU
	EndGlobalSection
	GlobalSection(SolutionProperties) = preSolution
		HideSolutionNode = FALSE
	EndGlobalSection
	GlobalSection(ExtensibilityGlobals) = postSolution
		SolutionGuid = {41CCD53B-82E2-497F-8700-88266D3C9361}
	EndGlobalSection
EndGlobal
