
Microsoft Visual Studio Solution File, Format Version 12.00
# Visual Studio Version 17
VisualStudioVersion = 17.5.002.0
MinimumVisualStudioVersion = 10.0.40219.1
Project("{9A19103F-16F7-4668-BE54-9A1E7A4F7556}") = "Übungen", "Übungen.csproj", "{EBCB1276-CF07-4A9B-A55E-C69362495763}"
EndProject
Global
	GlobalSection(SolutionConfigurationPlatforms) = preSolution
		Debug|Any CPU = Debug|Any CPU
		Release|Any CPU = Release|Any CPU
	EndGlobalSection
	GlobalSection(ProjectConfigurationPlatforms) = postSolution
		{EBCB1276-CF07-4A9B-A55E-C69362495763}.Debug|Any CPU.ActiveCfg = Debug|Any CPU
		{EBCB1276-CF07-4A9B-A55E-C69362495763}.Debug|Any CPU.Build.0 = Debug|Any CPU
		{EBCB1276-CF07-4A9B-A55E-C69362495763}.Release|Any CPU.ActiveCfg = Release|Any CPU
		{EBCB1276-CF07-4A9B-A55E-C69362495763}.Release|Any CPU.Build.0 = Release|Any CPU
	EndGlobalSection
	GlobalSection(SolutionProperties) = preSolution
		HideSolutionNode = FALSE
	EndGlobalSection
	GlobalSection(ExtensibilityGlobals) = postSolution
		SolutionGuid = {46ED15C2-7806-4E4E-A196-A0CE9A3766E6}
	EndGlobalSection
EndGlobal
