
Microsoft Visual Studio Solution File, Format Version 12.00
# Visual Studio Version 17
VisualStudioVersion = 17.0.31903.59
MinimumVisualStudioVersion = 10.0.40219.1
Project("{FAE04EC0-301F-11D3-BF4B-00C04F79EFBC}") = "PhoneTariff.Logic", "PhoneTariff.Logic\PhoneTariff.Logic.csproj", "{1881CA5A-C318-4E0B-AF2B-7EE7F032D5F1}"
EndProject
Project("{FAE04EC0-301F-11D3-BF4B-00C04F79EFBC}") = "PhoneTariff.App", "PhoneTariff.App\PhoneTariff.App.csproj", "{0866E8DB-AC82-496B-867D-6F5AB6F46113}"
EndProject
Global
	GlobalSection(SolutionConfigurationPlatforms) = preSolution
		Debug|Any CPU = Debug|Any CPU
		Release|Any CPU = Release|Any CPU
	EndGlobalSection
	GlobalSection(SolutionProperties) = preSolution
		HideSolutionNode = FALSE
	EndGlobalSection
	GlobalSection(ProjectConfigurationPlatforms) = postSolution
		{1881CA5A-C318-4E0B-AF2B-7EE7F032D5F1}.Debug|Any CPU.ActiveCfg = Debug|Any CPU
		{1881CA5A-C318-4E0B-AF2B-7EE7F032D5F1}.Debug|Any CPU.Build.0 = Debug|Any CPU
		{1881CA5A-C318-4E0B-AF2B-7EE7F032D5F1}.Release|Any CPU.ActiveCfg = Release|Any CPU
		{1881CA5A-C318-4E0B-AF2B-7EE7F032D5F1}.Release|Any CPU.Build.0 = Release|Any CPU
		{0866E8DB-AC82-496B-867D-6F5AB6F46113}.Debug|Any CPU.ActiveCfg = Debug|Any CPU
		{0866E8DB-AC82-496B-867D-6F5AB6F46113}.Debug|Any CPU.Build.0 = Debug|Any CPU
		{0866E8DB-AC82-496B-867D-6F5AB6F46113}.Release|Any CPU.ActiveCfg = Release|Any CPU
		{0866E8DB-AC82-496B-867D-6F5AB6F46113}.Release|Any CPU.Build.0 = Release|Any CPU
	EndGlobalSection
EndGlobal
