
Microsoft Visual Studio Solution File, Format Version 12.00
# Visual Studio Version 17
VisualStudioVersion = 17.0.31903.59
MinimumVisualStudioVersion = 10.0.40219.1
Project("{FAE04EC0-301F-11D3-BF4B-00C04F79EFBC}") = "MathTutor.App", "MathTutor.App\MathTutor.App.csproj", "{6E437D16-1492-41AA-B874-58014ECD7449}"
EndProject
Project("{FAE04EC0-301F-11D3-BF4B-00C04F79EFBC}") = "MathTutor.Logic", "MathTutor.Logic\MathTutor.Logic.csproj", "{AFDD2852-F149-4049-A9FD-DFA645ED3A8B}"
EndProject
Global
	GlobalSection(SolutionConfigurationPlatforms) = preSolution
		Debug|Any CPU = Debug|Any CPU
		Release|Any CPU = Release|Any CPU
	EndGlobalSection
	GlobalSection(SolutionProperties) = preSolution
		HideSolutionNode = FALSE
	EndGlobalSection
	GlobalSection(ProjectConfigurationPlatforms) = postSolution
		{6E437D16-1492-41AA-B874-58014ECD7449}.Debug|Any CPU.ActiveCfg = Debug|Any CPU
		{6E437D16-1492-41AA-B874-58014ECD7449}.Debug|Any CPU.Build.0 = Debug|Any CPU
		{6E437D16-1492-41AA-B874-58014ECD7449}.Release|Any CPU.ActiveCfg = Release|Any CPU
		{6E437D16-1492-41AA-B874-58014ECD7449}.Release|Any CPU.Build.0 = Release|Any CPU
		{AFDD2852-F149-4049-A9FD-DFA645ED3A8B}.Debug|Any CPU.ActiveCfg = Debug|Any CPU
		{AFDD2852-F149-4049-A9FD-DFA645ED3A8B}.Debug|Any CPU.Build.0 = Debug|Any CPU
		{AFDD2852-F149-4049-A9FD-DFA645ED3A8B}.Release|Any CPU.ActiveCfg = Release|Any CPU
		{AFDD2852-F149-4049-A9FD-DFA645ED3A8B}.Release|Any CPU.Build.0 = Release|Any CPU
	EndGlobalSection
EndGlobal
