
Microsoft Visual Studio Solution File, Format Version 12.00
# Visual Studio Version 17
VisualStudioVersion = 17.0.31903.59
MinimumVisualStudioVersion = 10.0.40219.1
Project("{FAE04EC0-301F-11D3-BF4B-00C04F79EFBC}") = "GemotryCaulatorLogic", "GemotryCaulatorLogic\GemotryCaulatorLogic.csproj", "{D18731CB-6B9C-49B4-B185-22A9DB41BBA0}"
EndProject
Project("{FAE04EC0-301F-11D3-BF4B-00C04F79EFBC}") = "GemotryApp", "GemotryApp\GemotryApp.csproj", "{B53DD4E0-CF0A-4EB1-8789-AFA3F7561D82}"
EndProject
Global
	GlobalSection(SolutionConfigurationPlatforms) = preSolution
		Debug|Any CPU = Debug|Any CPU
		Release|Any CPU = Release|Any CPU
	EndGlobalSection
	GlobalSection(SolutionProperties) = preSolution
		HideSolutionNode = FALSE
	EndGlobalSection
	GlobalSection(ProjectConfigurationPlatforms) = postSolution
		{D18731CB-6B9C-49B4-B185-22A9DB41BBA0}.Debug|Any CPU.ActiveCfg = Debug|Any CPU
		{D18731CB-6B9C-49B4-B185-22A9DB41BBA0}.Debug|Any CPU.Build.0 = Debug|Any CPU
		{D18731CB-6B9C-49B4-B185-22A9DB41BBA0}.Release|Any CPU.ActiveCfg = Release|Any CPU
		{D18731CB-6B9C-49B4-B185-22A9DB41BBA0}.Release|Any CPU.Build.0 = Release|Any CPU
		{B53DD4E0-CF0A-4EB1-8789-AFA3F7561D82}.Debug|Any CPU.ActiveCfg = Debug|Any CPU
		{B53DD4E0-CF0A-4EB1-8789-AFA3F7561D82}.Debug|Any CPU.Build.0 = Debug|Any CPU
		{B53DD4E0-CF0A-4EB1-8789-AFA3F7561D82}.Release|Any CPU.ActiveCfg = Release|Any CPU
		{B53DD4E0-CF0A-4EB1-8789-AFA3F7561D82}.Release|Any CPU.Build.0 = Release|Any CPU
	EndGlobalSection
EndGlobal
